
Microsoft Visual Studio Solution File, Format Version 12.00
# Visual Studio Version 17
VisualStudioVersion = 17.14.36310.24
MinimumVisualStudioVersion = 10.0.40219.1
Project("{FAE04EC0-301F-11D3-BF4B-00C04F79EFBC}") = "DSACodeLearn", "DSACodeLearn\DSACodeLearn.csproj", "{6EF3292F-5963-4306-B19A-62C6D7D2016D}"
EndProject
Project("{2150E333-8FDC-42A3-9474-1A3956D46DE8}") = "Easy", "Easy", "{02EA681E-C7D8-13C7-8484-4AC65E1B71E8}"
	ProjectSection(SolutionItems) = preProject
		Longest Nice Substring.cs = Longest Nice Substring.cs
		Minimum_Deletions_for_At_Most_K_Distinct_Characters.cs = Minimum_Deletions_for_At_Most_K_Distinct_Characters.cs
		N-Repeated Element in Size 2N Array.cs = N-Repeated Element in Size 2N Array.cs
		Plus_One.cs = Plus_One.cs
		Sum_of_Digits_of_String_After_Convert.cs = Sum_of_Digits_of_String_After_Convert.cs
	EndProjectSection
EndProject
Project("{2150E333-8FDC-42A3-9474-1A3956D46DE8}") = "Medium", "Medium", "{4DC77B89-659C-44F1-9071-ECA623EF9FB4}"
	ProjectSection(SolutionItems) = preProject
		Count_Nice_Pairs_in_an_Array.cs = Count_Nice_Pairs_in_an_Array.cs
		Magic_Squares_In_Grid.cs = Magic_Squares_In_Grid.cs
		Pyramid_Transition_Matrix.cs = Pyramid_Transition_Matrix.cs
	EndProjectSection
EndProject
Project("{2150E333-8FDC-42A3-9474-1A3956D46DE8}") = "Hard", "Hard", "{CB1D970F-627C-4AED-803E-06EBBDA0E848}"
	ProjectSection(SolutionItems) = preProject
		Number of Ways to Paint N × 3 Grid.cs = Number of Ways to Paint N × 3 Grid.cs
	EndProjectSection
EndProject
Global
	GlobalSection(SolutionConfigurationPlatforms) = preSolution
		Debug|Any CPU = Debug|Any CPU
		Release|Any CPU = Release|Any CPU
	EndGlobalSection
	GlobalSection(ProjectConfigurationPlatforms) = postSolution
		{6EF3292F-5963-4306-B19A-62C6D7D2016D}.Debug|Any CPU.ActiveCfg = Debug|Any CPU
		{6EF3292F-5963-4306-B19A-62C6D7D2016D}.Debug|Any CPU.Build.0 = Debug|Any CPU
		{6EF3292F-5963-4306-B19A-62C6D7D2016D}.Release|Any CPU.ActiveCfg = Release|Any CPU
		{6EF3292F-5963-4306-B19A-62C6D7D2016D}.Release|Any CPU.Build.0 = Release|Any CPU
	EndGlobalSection
	GlobalSection(SolutionProperties) = preSolution
		HideSolutionNode = FALSE
	EndGlobalSection
	GlobalSection(ExtensibilityGlobals) = postSolution
		SolutionGuid = {0F4B3B94-6FBA-4055-BB5B-06424E99DD18}
	EndGlobalSection
EndGlobal
